
Microsoft Visual Studio Solution File, Format Version 12.00
# Visual Studio Version 17
VisualStudioVersion = 17.4.33103.184
MinimumVisualStudioVersion = 10.0.40219.1
Project("{F2A71F9B-5D33-465A-A702-920D77279786}") = "FsComInterop", "FsComInterop.fsproj", "{B7E3948C-56BA-4A78-8CA2-C42A22F72835}"
EndProject
Global
	GlobalSection(SolutionConfigurationPlatforms) = preSolution
		Debug|Any CPU = Debug|Any CPU
		Release|Any CPU = Release|Any CPU
	EndGlobalSection
	GlobalSection(ProjectConfigurationPlatforms) = postSolution
		{B7E3948C-56BA-4A78-8CA2-C42A22F72835}.Debug|Any CPU.ActiveCfg = Debug|Any CPU
		{B7E3948C-56BA-4A78-8CA2-C42A22F72835}.Debug|Any CPU.Build.0 = Debug|Any CPU
		{B7E3948C-56BA-4A78-8CA2-C42A22F72835}.Release|Any CPU.ActiveCfg = Release|Any CPU
		{B7E3948C-56BA-4A78-8CA2-C42A22F72835}.Release|Any CPU.Build.0 = Release|Any CPU
	EndGlobalSection
	GlobalSection(SolutionProperties) = preSolution
		HideSolutionNode = FALSE
	EndGlobalSection
	GlobalSection(ExtensibilityGlobals) = postSolution
		SolutionGuid = {6D400644-616A-4943-BCA6-992A9BD66010}
	EndGlobalSection
EndGlobal
